
Microsoft Visual Studio Solution File, Format Version 12.00
# Visual Studio 15
VisualStudioVersion = 15.0.27428.2015
MinimumVisualStudioVersion = 10.0.40219.1
Project("{FAE04EC0-301F-11D3-BF4B-00C04F79EFBC}") = "AspNetCore-CSRF-AntiForgeryToken", "AspNetCore-CSRF-AntiForgeryToken\AspNetCore-CSRF-AntiForgeryToken.csproj", "{8E2C1004-704A-4E7A-BA3D-3C030F9F8007}"
EndProject
Global
	GlobalSection(SolutionConfigurationPlatforms) = preSolution
		Debug|Any CPU = Debug|Any CPU
		Release|Any CPU = Release|Any CPU
	EndGlobalSection
	GlobalSection(ProjectConfigurationPlatforms) = postSolution
		{8E2C1004-704A-4E7A-BA3D-3C030F9F8007}.Debug|Any CPU.ActiveCfg = Debug|Any CPU
		{8E2C1004-704A-4E7A-BA3D-3C030F9F8007}.Debug|Any CPU.Build.0 = Debug|Any CPU
		{8E2C1004-704A-4E7A-BA3D-3C030F9F8007}.Release|Any CPU.ActiveCfg = Release|Any CPU
		{8E2C1004-704A-4E7A-BA3D-3C030F9F8007}.Release|Any CPU.Build.0 = Release|Any CPU
	EndGlobalSection
	GlobalSection(SolutionProperties) = preSolution
		HideSolutionNode = FALSE
	EndGlobalSection
	GlobalSection(ExtensibilityGlobals) = postSolution
		SolutionGuid = {ABBB6E00-3F4B-46A8-AADB-019F9AD7382A}
	EndGlobalSection
EndGlobal
